
Microsoft Visual Studio Solution File, Format Version 12.00
# Visual Studio Version 17
VisualStudioVersion = 17.1.32421.90
MinimumVisualStudioVersion = 10.0.40219.1
Project("{FAE04EC0-301F-11D3-BF4B-00C04F79EFBC}") = "TEST_MATURA", "TEST_MATURA.csproj", "{0501A726-F557-415D-B106-A689CD9BFB01}"
EndProject
Global
	GlobalSection(SolutionConfigurationPlatforms) = preSolution
		Debug|Any CPU = Debug|Any CPU
		Release|Any CPU = Release|Any CPU
	EndGlobalSection
	GlobalSection(ProjectConfigurationPlatforms) = postSolution
		{0501A726-F557-415D-B106-A689CD9BFB01}.Debug|Any CPU.ActiveCfg = Debug|Any CPU
		{0501A726-F557-415D-B106-A689CD9BFB01}.Debug|Any CPU.Build.0 = Debug|Any CPU
		{0501A726-F557-415D-B106-A689CD9BFB01}.Release|Any CPU.ActiveCfg = Release|Any CPU
		{0501A726-F557-415D-B106-A689CD9BFB01}.Release|Any CPU.Build.0 = Release|Any CPU
	EndGlobalSection
	GlobalSection(SolutionProperties) = preSolution
		HideSolutionNode = FALSE
	EndGlobalSection
	GlobalSection(ExtensibilityGlobals) = postSolution
		SolutionGuid = {1662C455-11FF-4F71-A5C0-35453D55C1ED}
	EndGlobalSection
EndGlobal
